
Microsoft Visual Studio Solution File, Format Version 12.00
# Visual Studio Version 17
VisualStudioVersion = 17.5.002.0
MinimumVisualStudioVersion = 10.0.40219.1
Project("{9A19103F-16F7-4668-BE54-9A1E7A4F7556}") = "minimal-api", "minimal-api.csproj", "{7845D43A-6D20-404B-BBC4-3D2A5EA22DAB}"
EndProject
Global
	GlobalSection(SolutionConfigurationPlatforms) = preSolution
		Debug|Any CPU = Debug|Any CPU
		Release|Any CPU = Release|Any CPU
	EndGlobalSection
	GlobalSection(ProjectConfigurationPlatforms) = postSolution
		{7845D43A-6D20-404B-BBC4-3D2A5EA22DAB}.Debug|Any CPU.ActiveCfg = Debug|Any CPU
		{7845D43A-6D20-404B-BBC4-3D2A5EA22DAB}.Debug|Any CPU.Build.0 = Debug|Any CPU
		{7845D43A-6D20-404B-BBC4-3D2A5EA22DAB}.Release|Any CPU.ActiveCfg = Release|Any CPU
		{7845D43A-6D20-404B-BBC4-3D2A5EA22DAB}.Release|Any CPU.Build.0 = Release|Any CPU
	EndGlobalSection
	GlobalSection(SolutionProperties) = preSolution
		HideSolutionNode = FALSE
	EndGlobalSection
	GlobalSection(ExtensibilityGlobals) = postSolution
		SolutionGuid = {373ECAC0-3009-4678-AF74-72CC3C9722CD}
	EndGlobalSection
EndGlobal
